
Microsoft Visual Studio Solution File, Format Version 12.00
# Visual Studio Version 17
VisualStudioVersion = 17.13.36105.23
MinimumVisualStudioVersion = 10.0.40219.1
Project("{FAE04EC0-301F-11D3-BF4B-00C04F79EFBC}") = "AgroServis", "AgroServis\AgroServis.csproj", "{0352A4BD-5DCB-486E-A2A8-0890FF43FDEF}"
EndProject
Project("{FAE04EC0-301F-11D3-BF4B-00C04F79EFBC}") = "AgroServis.DAL", "AgroServis.DAL\AgroServis.DAL.csproj", "{66E37CA9-B2D5-4B7F-9394-DFDD4D00BD37}"
EndProject
Project("{FAE04EC0-301F-11D3-BF4B-00C04F79EFBC}") = "AgroServis.Services", "AgroServis.Services\AgroServis.Services.csproj", "{5739AEF0-5C9E-4EC3-A3D8-0D9904E32772}"
EndProject
Global
	GlobalSection(SolutionConfigurationPlatforms) = preSolution
		Debug|Any CPU = Debug|Any CPU
		Release|Any CPU = Release|Any CPU
	EndGlobalSection
	GlobalSection(ProjectConfigurationPlatforms) = postSolution
		{0352A4BD-5DCB-486E-A2A8-0890FF43FDEF}.Debug|Any CPU.ActiveCfg = Debug|Any CPU
		{0352A4BD-5DCB-486E-A2A8-0890FF43FDEF}.Debug|Any CPU.Build.0 = Debug|Any CPU
		{0352A4BD-5DCB-486E-A2A8-0890FF43FDEF}.Release|Any CPU.ActiveCfg = Release|Any CPU
		{0352A4BD-5DCB-486E-A2A8-0890FF43FDEF}.Release|Any CPU.Build.0 = Release|Any CPU
		{66E37CA9-B2D5-4B7F-9394-DFDD4D00BD37}.Debug|Any CPU.ActiveCfg = Debug|Any CPU
		{66E37CA9-B2D5-4B7F-9394-DFDD4D00BD37}.Debug|Any CPU.Build.0 = Debug|Any CPU
		{66E37CA9-B2D5-4B7F-9394-DFDD4D00BD37}.Release|Any CPU.ActiveCfg = Release|Any CPU
		{66E37CA9-B2D5-4B7F-9394-DFDD4D00BD37}.Release|Any CPU.Build.0 = Release|Any CPU
		{5739AEF0-5C9E-4EC3-A3D8-0D9904E32772}.Debug|Any CPU.ActiveCfg = Debug|Any CPU
		{5739AEF0-5C9E-4EC3-A3D8-0D9904E32772}.Debug|Any CPU.Build.0 = Debug|Any CPU
		{5739AEF0-5C9E-4EC3-A3D8-0D9904E32772}.Release|Any CPU.ActiveCfg = Release|Any CPU
		{5739AEF0-5C9E-4EC3-A3D8-0D9904E32772}.Release|Any CPU.Build.0 = Release|Any CPU
	EndGlobalSection
	GlobalSection(SolutionProperties) = preSolution
		HideSolutionNode = FALSE
	EndGlobalSection
	GlobalSection(ExtensibilityGlobals) = postSolution
		SolutionGuid = {8D598780-1870-4F1F-927D-799783D57FAA}
	EndGlobalSection
EndGlobal
